// !$*UTF8*$!
{
	archiveVersion = 1;
	classes = {
	};
	objectVersion = 46;
	objects = {

/* Begin PBXBuildFile section */
		438EC3CA739A45EE8852E821 /* libPods.a in Frameworks */ = {isa = PBXBuildFile; fileRef = 6F41C604BEA74D488BFD0392 /* libPods.a */; };
		88BE2301A17C711F5138E6F9 /* Images.xcassets in Resources */ = {isa = PBXBuildFile; fileRef = 88BE2C79CD432180310E1743 /* Images.xcassets */; };
		88BE24034FFEEFCD5F714E5D /* Foundation.framework in Frameworks */ = {isa = PBXBuildFile; fileRef = 88BE266A321B47378402F534 /* Foundation.framework */; };
		88BE2438A1A2133CDAEBEE51 /* InfoPlist.strings in Resources */ = {isa = PBXBuildFile; fileRef = 88BE28DB37D433741CD4BAE0 /* InfoPlist.strings */; };
		88BE24ADBEAD0BAC3D5713BF /* CoreGraphics.framework in Frameworks */ = {isa = PBXBuildFile; fileRef = 88BE2C7FEA7510EE29C0F766 /* CoreGraphics.framework */; };
		88BE29F871BFBE9D3CE91799 /* XCTest.framework in Frameworks */ = {isa = PBXBuildFile; fileRef = 88BE296A9414A5CCF4192A0E /* XCTest.framework */; };
		88BE2D5A5F6852145ECD0C83 /* Main.storyboard in Resources */ = {isa = PBXBuildFile; fileRef = 88BE216FD8A91482E3EE89AE /* Main.storyboard */; };
		88BE2E0DCC7E746226FA342A /* UIKit.framework in Frameworks */ = {isa = PBXBuildFile; fileRef = 88BE24E0EE3E81BBFFABFBA6 /* UIKit.framework */; };
		88BE2E80A05101AA1FB7DD94 /* DetailViewController.m in Sources */ = {isa = PBXBuildFile; fileRef = 88BE2A61BFFEFBB98C6A1402 /* DetailViewController.m */; };
		88BE2EBEE3D47D407F772050 /* main.m in Sources */ = {isa = PBXBuildFile; fileRef = 88BE29CA58004EE16446471B /* main.m */; };
		88BE2EE6162DC56E7DBDF95F /* Foundation.framework in Frameworks */ = {isa = PBXBuildFile; fileRef = 88BE266A321B47378402F534 /* Foundation.framework */; };
		88BE2F1F10F6A6A4DDC3F19E /* UIKit.framework in Frameworks */ = {isa = PBXBuildFile; fileRef = 88BE24E0EE3E81BBFFABFBA6 /* UIKit.framework */; };
		88BE2FF4369A84F52F538DB8 /* AppDelegate.m in Sources */ = {isa = PBXBuildFile; fileRef = 88BE2E61918DC83636A8FAB9 /* AppDelegate.m */; };
/* End PBXBuildFile section */

/* Begin PBXContainerItemProxy section */
		88BE2D56C1C8404E35D81B96 /* PBXContainerItemProxy */ = {
			isa = PBXContainerItemProxy;
			containerPortal = 88BE2D5B1FBDD911755C3ECB /* Project object */;
			proxyType = 1;
			remoteGlobalIDString = 88BE2E91238F406A6582D8A5;
			remoteInfo = "dm-splitview-demo";
		};
/* End PBXContainerItemProxy section */

/* Begin PBXFileReference section */
		0B7D42B0AE8147F1AA5E0D71 /* Pods.xcconfig */ = {isa = PBXFileReference; includeInIndex = 1; lastKnownFileType = text.xcconfig; name = Pods.xcconfig; path = Pods/Pods.xcconfig; sourceTree = "<group>"; };
		6F41C604BEA74D488BFD0392 /* libPods.a */ = {isa = PBXFileReference; explicitFileType = archive.ar; includeInIndex = 0; path = libPods.a; sourceTree = BUILT_PRODUCTS_DIR; };
		88BE20BE397C701B15E1872B /* Base */ = {isa = PBXFileReference; lastKnownFileType = file.storyboard; name = Base; path = Base.lproj/Main.storyboard; sourceTree = "<group>"; };
		88BE23E21576D69DCF973D00 /* AppDelegate.h */ = {isa = PBXFileReference; lastKnownFileType = sourcecode.c.h; path = AppDelegate.h; sourceTree = "<group>"; };
		88BE24E0EE3E81BBFFABFBA6 /* UIKit.framework */ = {isa = PBXFileReference; lastKnownFileType = wrapper.framework; name = UIKit.framework; path = System/Library/Frameworks/UIKit.framework; sourceTree = SDKROOT; };
		88BE266A321B47378402F534 /* Foundation.framework */ = {isa = PBXFileReference; lastKnownFileType = wrapper.framework; name = Foundation.framework; path = System/Library/Frameworks/Foundation.framework; sourceTree = SDKROOT; };
		88BE26D2AC67031EAC476A54 /* DetailViewController.h */ = {isa = PBXFileReference; fileEncoding = 4; lastKnownFileType = sourcecode.c.h; path = DetailViewController.h; sourceTree = "<group>"; };
		88BE27E0BD0C613C90C9B066 /* dm-splitview-demo-storyboardTests.xctest */ = {isa = PBXFileReference; explicitFileType = wrapper.cfbundle; includeInIndex = 0; path = "dm-splitview-demo-storyboardTests.xctest"; sourceTree = BUILT_PRODUCTS_DIR; };
		88BE296A9414A5CCF4192A0E /* XCTest.framework */ = {isa = PBXFileReference; lastKnownFileType = wrapper.framework; name = XCTest.framework; path = Library/Frameworks/XCTest.framework; sourceTree = DEVELOPER_DIR; };
		88BE29CA58004EE16446471B /* main.m */ = {isa = PBXFileReference; lastKnownFileType = sourcecode.c.objc; path = main.m; sourceTree = "<group>"; };
		88BE29E1B82C2081027D4BFD /* dm-splitview-demo-storyboard.app */ = {isa = PBXFileReference; explicitFileType = wrapper.application; includeInIndex = 0; path = "dm-splitview-demo-storyboard.app"; sourceTree = BUILT_PRODUCTS_DIR; };
		88BE2A61BFFEFBB98C6A1402 /* DetailViewController.m */ = {isa = PBXFileReference; fileEncoding = 4; lastKnownFileType = sourcecode.c.objc; path = DetailViewController.m; sourceTree = "<group>"; };
		88BE2AE1CB13ADB26D40AE50 /* dm-splitview-demo-storyboard-Prefix.pch */ = {isa = PBXFileReference; lastKnownFileType = sourcecode.c.h; path = "dm-splitview-demo-storyboard-Prefix.pch"; sourceTree = "<group>"; };
		88BE2B67917868D03C59F7D5 /* dm-splitview-demo-storyboard-Info.plist */ = {isa = PBXFileReference; lastKnownFileType = text.plist.xml; path = "dm-splitview-demo-storyboard-Info.plist"; sourceTree = "<group>"; };
		88BE2C79CD432180310E1743 /* Images.xcassets */ = {isa = PBXFileReference; lastKnownFileType = folder.assetcatalog; path = Images.xcassets; sourceTree = "<group>"; };
		88BE2C7FEA7510EE29C0F766 /* CoreGraphics.framework */ = {isa = PBXFileReference; lastKnownFileType = wrapper.framework; name = CoreGraphics.framework; path = System/Library/Frameworks/CoreGraphics.framework; sourceTree = SDKROOT; };
		88BE2E61918DC83636A8FAB9 /* AppDelegate.m */ = {isa = PBXFileReference; lastKnownFileType = sourcecode.c.objc; path = AppDelegate.m; sourceTree = "<group>"; };
		88BE2ECC232E28714ACE3974 /* en */ = {isa = PBXFileReference; lastKnownFileType = text.plist.strings; name = en; path = en.lproj/InfoPlist.strings; sourceTree = "<group>"; };
/* End PBXFileReference section */

/* Begin PBXFrameworksBuildPhase section */
		88BE2AC7C3FA6B2C71B1AE78 /* Frameworks */ = {
			isa = PBXFrameworksBuildPhase;
			buildActionMask = 2147483647;
			files = (
				88BE29F871BFBE9D3CE91799 /* XCTest.framework in Frameworks */,
				88BE2EE6162DC56E7DBDF95F /* Foundation.framework in Frameworks */,
				88BE2F1F10F6A6A4DDC3F19E /* UIKit.framework in Frameworks */,
			);
			runOnlyForDeploymentPostprocessing = 0;
		};
		88BE2EDDE46896FCCC438705 /* Frameworks */ = {
			isa = PBXFrameworksBuildPhase;
			buildActionMask = 2147483647;
			files = (
				88BE24034FFEEFCD5F714E5D /* Foundation.framework in Frameworks */,
				88BE24ADBEAD0BAC3D5713BF /* CoreGraphics.framework in Frameworks */,
				88BE2E0DCC7E746226FA342A /* UIKit.framework in Frameworks */,
				438EC3CA739A45EE8852E821 /* libPods.a in Frameworks */,
			);
			runOnlyForDeploymentPostprocessing = 0;
		};
/* End PBXFrameworksBuildPhase section */

/* Begin PBXGroup section */
		88BE22BD1567C647185E2D85 /* dm-splitview-demo */ = {
			isa = PBXGroup;
			children = (
				88BE2DC364E49304F7F00446 /* Supporting Files */,
				88BE23E21576D69DCF973D00 /* AppDelegate.h */,
				88BE2E61918DC83636A8FAB9 /* AppDelegate.m */,
				88BE2C79CD432180310E1743 /* Images.xcassets */,
				88BE216FD8A91482E3EE89AE /* Main.storyboard */,
				88BE2A61BFFEFBB98C6A1402 /* DetailViewController.m */,
				88BE26D2AC67031EAC476A54 /* DetailViewController.h */,
			);
			path = "dm-splitview-demo";
			sourceTree = "<group>";
		};
		88BE263BDD5A00135B1232C8 = {
			isa = PBXGroup;
			children = (
				88BE2F7734DB329797BDC6C9 /* Products */,
				88BE2B556BAE146D71C1DA05 /* Frameworks */,
				88BE22BD1567C647185E2D85 /* dm-splitview-demo */,
				0B7D42B0AE8147F1AA5E0D71 /* Pods.xcconfig */,
			);
			sourceTree = "<group>";
		};
		88BE2B556BAE146D71C1DA05 /* Frameworks */ = {
			isa = PBXGroup;
			children = (
				88BE266A321B47378402F534 /* Foundation.framework */,
				88BE2C7FEA7510EE29C0F766 /* CoreGraphics.framework */,
				88BE24E0EE3E81BBFFABFBA6 /* UIKit.framework */,
				88BE296A9414A5CCF4192A0E /* XCTest.framework */,
				6F41C604BEA74D488BFD0392 /* libPods.a */,
			);
			name = Frameworks;
			sourceTree = "<group>";
		};
		88BE2DC364E49304F7F00446 /* Supporting Files */ = {
			isa = PBXGroup;
			children = (
				88BE2B67917868D03C59F7D5 /* dm-splitview-demo-storyboard-Info.plist */,
				88BE28DB37D433741CD4BAE0 /* InfoPlist.strings */,
				88BE29CA58004EE16446471B /* main.m */,
				88BE2AE1CB13ADB26D40AE50 /* dm-splitview-demo-storyboard-Prefix.pch */,
			);
			name = "Supporting Files";
			sourceTree = "<group>";
		};
		88BE2F7734DB329797BDC6C9 /* Products */ = {
			isa = PBXGroup;
			children = (
				88BE29E1B82C2081027D4BFD /* dm-splitview-demo-storyboard.app */,
				88BE27E0BD0C613C90C9B066 /* dm-splitview-demo-storyboardTests.xctest */,
			);
			name = Products;
			sourceTree = "<group>";
		};
/* End PBXGroup section */

/* Begin PBXNativeTarget section */
		88BE2E91238F406A6582D8A5 /* dm-splitview-demo-storyboard */ = {
			isa = PBXNativeTarget;
			buildConfigurationList = 88BE25D7DAEA221004996445 /* Build configuration list for PBXNativeTarget "dm-splitview-demo-storyboard" */;
			buildPhases = (
				58DA2F6485704A3DADAD7D47 /* Check Pods Manifest.lock */,
				88BE2FCEF82A668C7587AC2F /* Sources */,
				88BE2EDDE46896FCCC438705 /* Frameworks */,
				88BE24DAA7CD3241CB341CFF /* Resources */,
				4BFD2BADF7BF4884BE4B78E4 /* Copy Pods Resources */,
			);
			buildRules = (
			);
			dependencies = (
			);
			name = "dm-splitview-demo-storyboard";
			productName = "dm-splitview-demo";
			productReference = 88BE29E1B82C2081027D4BFD /* dm-splitview-demo-storyboard.app */;
			productType = "com.apple.product-type.application";
		};
		88BE2EC3453BA901ED06D354 /* dm-splitview-demo-storyboardTests */ = {
			isa = PBXNativeTarget;
			buildConfigurationList = 88BE283F536943B080E21318 /* Build configuration list for PBXNativeTarget "dm-splitview-demo-storyboardTests" */;
			buildPhases = (
				88BE29E1384640AFE53E80B1 /* Sources */,
				88BE2AC7C3FA6B2C71B1AE78 /* Frameworks */,
				88BE238B44EB114850392369 /* Resources */,
			);
			buildRules = (
			);
			dependencies = (
				88BE203291243167B253096D /* PBXTargetDependency */,
			);
			name = "dm-splitview-demo-storyboardTests";
			productName = "dm-splitview-demoTests";
			productReference = 88BE27E0BD0C613C90C9B066 /* dm-splitview-demo-storyboardTests.xctest */;
			productType = "com.apple.product-type.bundle.unit-test";
		};
/* End PBXNativeTarget section */

/* Begin PBXProject section */
		88BE2D5B1FBDD911755C3ECB /* Project object */ = {
			isa = PBXProject;
			attributes = {
				ORGANIZATIONNAME = "DevMode, Inc.";
			};
			buildConfigurationList = 88BE2B06DECD087F0A995645 /* Build configuration list for PBXProject "dm-splitview-demo-storyboard" */;
			compatibilityVersion = "Xcode 3.2";
			developmentRegion = English;
			hasScannedForEncodings = 0;
			knownRegions = (
				en,
			);
			mainGroup = 88BE263BDD5A00135B1232C8;
			productRefGroup = 88BE2F7734DB329797BDC6C9 /* Products */;
			projectDirPath = "";
			projectRoot = "";
			targets = (
				88BE2E91238F406A6582D8A5 /* dm-splitview-demo-storyboard */,
				88BE2EC3453BA901ED06D354 /* dm-splitview-demo-storyboardTests */,
			);
		};
/* End PBXProject section */

/* Begin PBXResourcesBuildPhase section */
		88BE238B44EB114850392369 /* Resources */ = {
			isa = PBXResourcesBuildPhase;
			buildActionMask = 2147483647;
			files = (
			);
			runOnlyForDeploymentPostprocessing = 0;
		};
		88BE24DAA7CD3241CB341CFF /* Resources */ = {
			isa = PBXResourcesBuildPhase;
			buildActionMask = 2147483647;
			files = (
				88BE2438A1A2133CDAEBEE51 /* InfoPlist.strings in Resources */,
				88BE2301A17C711F5138E6F9 /* Images.xcassets in Resources */,
				88BE2D5A5F6852145ECD0C83 /* Main.storyboard in Resources */,
			);
			runOnlyForDeploymentPostprocessing = 0;
		};
/* End PBXResourcesBuildPhase section */

/* Begin PBXShellScriptBuildPhase section */
		4BFD2BADF7BF4884BE4B78E4 /* Copy Pods Resources */ = {
			isa = PBXShellScriptBuildPhase;
			buildActionMask = 2147483647;
			files = (
			);
			inputPaths = (
			);
			name = "Copy Pods Resources";
			outputPaths = (
			);
			runOnlyForDeploymentPostprocessing = 0;
			shellPath = /bin/sh;
			shellScript = "\"${SRCROOT}/Pods/Pods-resources.sh\"\n";
			showEnvVarsInLog = 0;
		};
		58DA2F6485704A3DADAD7D47 /* Check Pods Manifest.lock */ = {
			isa = PBXShellScriptBuildPhase;
			buildActionMask = 2147483647;
			files = (
			);
			inputPaths = (
			);
			name = "Check Pods Manifest.lock";
			outputPaths = (
			);
			runOnlyForDeploymentPostprocessing = 0;
			shellPath = /bin/sh;
			shellScript = "diff \"${PODS_ROOT}/../Podfile.lock\" \"${PODS_ROOT}/Manifest.lock\" > /dev/null\nif [[ $? != 0 ]] ; then\n    cat << EOM\nerror: The sandbox is not in sync with the Podfile.lock. Run 'pod install' or update your CocoaPods installation.\nEOM\n    exit 1\nfi\n";
			showEnvVarsInLog = 0;
		};
/* End PBXShellScriptBuildPhase section */

/* Begin PBXSourcesBuildPhase section */
		88BE29E1384640AFE53E80B1 /* Sources */ = {
			isa = PBXSourcesBuildPhase;
			buildActionMask = 2147483647;
			files = (
			);
			runOnlyForDeploymentPostprocessing = 0;
		};
		88BE2FCEF82A668C7587AC2F /* Sources */ = {
			isa = PBXSourcesBuildPhase;
			buildActionMask = 2147483647;
			files = (
				88BE2EBEE3D47D407F772050 /* main.m in Sources */,
				88BE2FF4369A84F52F538DB8 /* AppDelegate.m in Sources */,
				88BE2E80A05101AA1FB7DD94 /* DetailViewController.m in Sources */,
			);
			runOnlyForDeploymentPostprocessing = 0;
		};
/* End PBXSourcesBuildPhase section */

/* Begin PBXTargetDependency section */
		88BE203291243167B253096D /* PBXTargetDependency */ = {
			isa = PBXTargetDependency;
			target = 88BE2E91238F406A6582D8A5 /* dm-splitview-demo-storyboard */;
			targetProxy = 88BE2D56C1C8404E35D81B96 /* PBXContainerItemProxy */;
		};
/* End PBXTargetDependency section */

/* Begin PBXVariantGroup section */
		88BE216FD8A91482E3EE89AE /* Main.storyboard */ = {
			isa = PBXVariantGroup;
			children = (
				88BE20BE397C701B15E1872B /* Base */,
			);
			name = Main.storyboard;
			sourceTree = "<group>";
		};
		88BE28DB37D433741CD4BAE0 /* InfoPlist.strings */ = {
			isa = PBXVariantGroup;
			children = (
				88BE2ECC232E28714ACE3974 /* en */,
			);
			name = InfoPlist.strings;
			sourceTree = "<group>";
		};
/* End PBXVariantGroup section */

/* Begin XCBuildConfiguration section */
		88BE22009958718C10FA43D3 /* Debug */ = {
			isa = XCBuildConfiguration;
			buildSettings = {
				ALWAYS_SEARCH_USER_PATHS = NO;
				CLANG_CXX_LANGUAGE_STANDARD = "gnu++0x";
				CLANG_CXX_LIBRARY = "libc++";
				CLANG_ENABLE_MODULES = YES;
				CLANG_ENABLE_OBJC_ARC = YES;
				CLANG_WARN_BOOL_CONVERSION = YES;
				CLANG_WARN_CONSTANT_CONVERSION = YES;
				CLANG_WARN_DIRECT_OBJC_ISA_USAGE = YES_ERROR;
				CLANG_WARN_EMPTY_BODY = YES;
				CLANG_WARN_ENUM_CONVERSION = YES;
				CLANG_WARN_INT_CONVERSION = YES;
				CLANG_WARN_OBJC_ROOT_CLASS = YES_ERROR;
				CLANG_WARN__DUPLICATE_METHOD_MATCH = YES;
				"CODE_SIGN_IDENTITY[sdk=iphoneos*]" = "iPhone Developer";
				COPY_PHASE_STRIP = NO;
				GCC_C_LANGUAGE_STANDARD = gnu99;
				GCC_DYNAMIC_NO_PIC = NO;
				GCC_OPTIMIZATION_LEVEL = 0;
				GCC_PREPROCESSOR_DEFINITIONS = (
					"DEBUG=1",
					"$(inherited)",
				);
				GCC_SYMBOLS_PRIVATE_EXTERN = NO;
				GCC_WARN_64_TO_32_BIT_CONVERSION = YES;
				GCC_WARN_ABOUT_RETURN_TYPE = YES_ERROR;
				GCC_WARN_UNDECLARED_SELECTOR = YES;
				GCC_WARN_UNINITIALIZED_AUTOS = YES_AGGRESSIVE;
				GCC_WARN_UNUSED_FUNCTION = YES;
				GCC_WARN_UNUSED_VARIABLE = YES;
				IPHONEOS_DEPLOYMENT_TARGET = 7.1;
				ONLY_ACTIVE_ARCH = YES;
				SDKROOT = iphoneos;
				TARGETED_DEVICE_FAMILY = 2;
			};
			name = Debug;
		};
		88BE22282D9F6BBEF7A287D6 /* Debug */ = {
			isa = XCBuildConfiguration;
			buildSettings = {
				FRAMEWORK_SEARCH_PATHS = (
					"$(SDKROOT)/Developer/Library/Frameworks",
					"$(inherited)",
				);
				GCC_PRECOMPILE_PREFIX_HEADER = YES;
				GCC_PREFIX_HEADER = "dm-splitview-demo/dm-splitview-demo-Prefix.pch";
				INFOPLIST_FILE = "dm-splitview-demoTests/dm-splitview-demoTests-Info.plist";
				PRODUCT_NAME = "dm-splitview-demo-storyboardTests";
				WRAPPER_EXTENSION = xctest;
			};
			name = Debug;
		};
		88BE26023CF02A6F64A2B761 /* Release */ = {
			isa = XCBuildConfiguration;
			buildSettings = {
				FRAMEWORK_SEARCH_PATHS = (
					"$(SDKROOT)/Developer/Library/Frameworks",
					"$(inherited)",
				);
				GCC_PRECOMPILE_PREFIX_HEADER = YES;
				GCC_PREFIX_HEADER = "dm-splitview-demo/dm-splitview-demo-Prefix.pch";
				INFOPLIST_FILE = "dm-splitview-demoTests/dm-splitview-demoTests-Info.plist";
				PRODUCT_NAME = "dm-splitview-demo-storyboardTests";
				WRAPPER_EXTENSION = xctest;
			};
			name = Release;
		};
		88BE26D875F6A9A617962F9A /* Release */ = {
			isa = XCBuildConfiguration;
			baseConfigurationReference = 0B7D42B0AE8147F1AA5E0D71 /* Pods.xcconfig */;
			buildSettings = {
				ASSETCATALOG_COMPILER_APPICON_NAME = AppIcon;
				ASSETCATALOG_COMPILER_LAUNCHIMAGE_NAME = LaunchImage;
				GCC_PRECOMPILE_PREFIX_HEADER = YES;
				GCC_PREFIX_HEADER = "dm-splitview-demo/dm-splitview-demo-storyboard-Prefix.pch";
				INFOPLIST_FILE = "dm-splitview-demo/dm-splitview-demo-storyboard-Info.plist";
				PRODUCT_NAME = "dm-splitview-demo-storyboard";
				WRAPPER_EXTENSION = app;
			};
			name = Release;
		};
		88BE2753F0122CD194194503 /* Release */ = {
			isa = XCBuildConfiguration;
			buildSettings = {
				ALWAYS_SEARCH_USER_PATHS = NO;
				CLANG_CXX_LANGUAGE_STANDARD = "gnu++0x";
				CLANG_CXX_LIBRARY = "libc++";
				CLANG_ENABLE_MODULES = YES;
				CLANG_ENABLE_OBJC_ARC = YES;
				CLANG_WARN_BOOL_CONVERSION = YES;
				CLANG_WARN_CONSTANT_CONVERSION = YES;
				CLANG_WARN_DIRECT_OBJC_ISA_USAGE = YES_ERROR;
				CLANG_WARN_EMPTY_BODY = YES;
				CLANG_WARN_ENUM_CONVERSION = YES;
				CLANG_WARN_INT_CONVERSION = YES;
				CLANG_WARN_OBJC_ROOT_CLASS = YES_ERROR;
				CLANG_WARN__DUPLICATE_METHOD_MATCH = YES;
				"CODE_SIGN_IDENTITY[sdk=iphoneos*]" = "iPhone Developer";
				COPY_PHASE_STRIP = YES;
				ENABLE_NS_ASSERTIONS = NO;
				GCC_C_LANGUAGE_STANDARD = gnu99;
				GCC_WARN_64_TO_32_BIT_CONVERSION = YES;
				GCC_WARN_ABOUT_RETURN_TYPE = YES_ERROR;
				GCC_WARN_UNDECLARED_SELECTOR = YES;
				GCC_WARN_UNINITIALIZED_AUTOS = YES_AGGRESSIVE;
				GCC_WARN_UNUSED_FUNCTION = YES;
				GCC_WARN_UNUSED_VARIABLE = YES;
				IPHONEOS_DEPLOYMENT_TARGET = 7.1;
				SDKROOT = iphoneos;
				TARGETED_DEVICE_FAMILY = 2;
				VALIDATE_PRODUCT = YES;
			};
			name = Release;
		};
		88BE2F0C21AB54E2B71DC217 /* Debug */ = {
			isa = XCBuildConfiguration;
			baseConfigurationReference = 0B7D42B0AE8147F1AA5E0D71 /* Pods.xcconfig */;
			buildSettings = {
				ASSETCATALOG_COMPILER_APPICON_NAME = AppIcon;
				ASSETCATALOG_COMPILER_LAUNCHIMAGE_NAME = LaunchImage;
				GCC_PRECOMPILE_PREFIX_HEADER = YES;
				GCC_PREFIX_HEADER = "dm-splitview-demo/dm-splitview-demo-storyboard-Prefix.pch";
				INFOPLIST_FILE = "dm-splitview-demo/dm-splitview-demo-storyboard-Info.plist";
				PRODUCT_NAME = "dm-splitview-demo-storyboard";
				WRAPPER_EXTENSION = app;
			};
			name = Debug;
		};
/* End XCBuildConfiguration section */

/* Begin XCConfigurationList section */
		88BE25D7DAEA221004996445 /* Build configuration list for PBXNativeTarget "dm-splitview-demo-storyboard" */ = {
			isa = XCConfigurationList;
			buildConfigurations = (
				88BE26D875F6A9A617962F9A /* Release */,
				88BE2F0C21AB54E2B71DC217 /* Debug */,
			);
			defaultConfigurationIsVisible = 0;
			defaultConfigurationName = Release;
		};
		88BE283F536943B080E21318 /* Build configuration list for PBXNativeTarget "dm-splitview-demo-storyboardTests" */ = {
			isa = XCConfigurationList;
			buildConfigurations = (
				88BE26023CF02A6F64A2B761 /* Release */,
				88BE22282D9F6BBEF7A287D6 /* Debug */,
			);
			defaultConfigurationIsVisible = 0;
			defaultConfigurationName = Release;
		};
		88BE2B06DECD087F0A995645 /* Build configuration list for PBXProject "dm-splitview-demo-storyboard" */ = {
			isa = XCConfigurationList;
			buildConfigurations = (
				88BE2753F0122CD194194503 /* Release */,
				88BE22009958718C10FA43D3 /* Debug */,
			);
			defaultConfigurationIsVisible = 0;
			defaultConfigurationName = Release;
		};
/* End XCConfigurationList section */
	};
	rootObject = 88BE2D5B1FBDD911755C3ECB /* Project object */;
}
